{
  "name": "Historical_Figures",
  "lockfileVersion": 2,
  "requires": true,
  "packages": {
    "": {
      "dependencies": {
        "vue-quiz": "github:freel/vue-quiz"
      }
    },
    "node_modules/vue": {
      "version": "2.6.12",
      "resolved": "https://registry.npmjs.org/vue/-/vue-2.6.12.tgz",
      "integrity": "sha512-uhmLFETqPPNyuLLbsKz6ioJ4q7AZHzD8ZVFNATNyICSZouqP2Sz0rotWQC8UNBF6VGSCs5abnKJoStA6JbCbfg=="
    },
    "node_modules/vue-quiz": {
      "version": "0.1.2",
      "resolved": "git+ssh://git@github.com/freel/vue-quiz.git#236f5d4a85893e862f28eaf945e8c4d50372b234",
      "dependencies": {
        "vue": "^2.5.17"
      }
    }
  },
  "dependencies": {
    "vue": {
      "version": "2.6.12",
      "resolved": "https://registry.npmjs.org/vue/-/vue-2.6.12.tgz",
      "integrity": "sha512-uhmLFETqPPNyuLLbsKz6ioJ4q7AZHzD8ZVFNATNyICSZouqP2Sz0rotWQC8UNBF6VGSCs5abnKJoStA6JbCbfg=="
    },
    "vue-quiz": {
      "version": "git+ssh://git@github.com/freel/vue-quiz.git#236f5d4a85893e862f28eaf945e8c4d50372b234",
      "from": "vue-quiz@github:freel/vue-quiz",
      "requires": {
        "vue": "^2.5.17"
      }
    }
  }
}
